
Microsoft Visual Studio Solution File, Format Version 12.00
# Visual Studio Version 17
VisualStudioVersion = 17.5.002.0
MinimumVisualStudioVersion = 10.0.40219.1
Project("{9A19103F-16F7-4668-BE54-9A1E7A4F7556}") = "gps", "gps.csproj", "{5EB5A97E-3736-4BB3-BF33-703BB63F4910}"
EndProject
Global
	GlobalSection(SolutionConfigurationPlatforms) = preSolution
		Debug|Any CPU = Debug|Any CPU
		Release|Any CPU = Release|Any CPU
	EndGlobalSection
	GlobalSection(ProjectConfigurationPlatforms) = postSolution
		{5EB5A97E-3736-4BB3-BF33-703BB63F4910}.Debug|Any CPU.ActiveCfg = Debug|Any CPU
		{5EB5A97E-3736-4BB3-BF33-703BB63F4910}.Debug|Any CPU.Build.0 = Debug|Any CPU
		{5EB5A97E-3736-4BB3-BF33-703BB63F4910}.Release|Any CPU.ActiveCfg = Release|Any CPU
		{5EB5A97E-3736-4BB3-BF33-703BB63F4910}.Release|Any CPU.Build.0 = Release|Any CPU
	EndGlobalSection
	GlobalSection(SolutionProperties) = preSolution
		HideSolutionNode = FALSE
	EndGlobalSection
	GlobalSection(ExtensibilityGlobals) = postSolution
		SolutionGuid = {13BDA0F4-4549-49F8-BA4B-341C67C8651D}
	EndGlobalSection
EndGlobal
